
Microsoft Visual Studio Solution File, Format Version 12.00
# Visual Studio 15
VisualStudioVersion = 15.0.27428.2015
MinimumVisualStudioVersion = 10.0.40219.1
Project("{FAE04EC0-301F-11D3-BF4B-00C04F79EFBC}") = "graphics2", "graphics2\graphics2.csproj", "{352523D9-5255-492B-BCD5-2AAE84B2CCAB}"
EndProject
Global
	GlobalSection(SolutionConfigurationPlatforms) = preSolution
		Debug|Any CPU = Debug|Any CPU
		Release|Any CPU = Release|Any CPU
	EndGlobalSection
	GlobalSection(ProjectConfigurationPlatforms) = postSolution
		{352523D9-5255-492B-BCD5-2AAE84B2CCAB}.Debug|Any CPU.ActiveCfg = Debug|Any CPU
		{352523D9-5255-492B-BCD5-2AAE84B2CCAB}.Debug|Any CPU.Build.0 = Debug|Any CPU
		{352523D9-5255-492B-BCD5-2AAE84B2CCAB}.Release|Any CPU.ActiveCfg = Release|Any CPU
		{352523D9-5255-492B-BCD5-2AAE84B2CCAB}.Release|Any CPU.Build.0 = Release|Any CPU
	EndGlobalSection
	GlobalSection(SolutionProperties) = preSolution
		HideSolutionNode = FALSE
	EndGlobalSection
	GlobalSection(ExtensibilityGlobals) = postSolution
		SolutionGuid = {BDCF32DE-759D-49AC-A486-CB61EE54255A}
	EndGlobalSection
EndGlobal
