
Microsoft Visual Studio Solution File, Format Version 12.00
# Visual Studio 15
VisualStudioVersion = 15.0.27428.2015
MinimumVisualStudioVersion = 10.0.40219.1
Project("{FAE04EC0-301F-11D3-BF4B-00C04F79EFBC}") = "tabcontrol", "tabcontrol\tabcontrol.csproj", "{9B91DA64-99E2-47AF-9FDD-1B4C17BAC122}"
EndProject
Global
	GlobalSection(SolutionConfigurationPlatforms) = preSolution
		Debug|Any CPU = Debug|Any CPU
		Release|Any CPU = Release|Any CPU
	EndGlobalSection
	GlobalSection(ProjectConfigurationPlatforms) = postSolution
		{9B91DA64-99E2-47AF-9FDD-1B4C17BAC122}.Debug|Any CPU.ActiveCfg = Debug|Any CPU
		{9B91DA64-99E2-47AF-9FDD-1B4C17BAC122}.Debug|Any CPU.Build.0 = Debug|Any CPU
		{9B91DA64-99E2-47AF-9FDD-1B4C17BAC122}.Release|Any CPU.ActiveCfg = Release|Any CPU
		{9B91DA64-99E2-47AF-9FDD-1B4C17BAC122}.Release|Any CPU.Build.0 = Release|Any CPU
	EndGlobalSection
	GlobalSection(SolutionProperties) = preSolution
		HideSolutionNode = FALSE
	EndGlobalSection
	GlobalSection(ExtensibilityGlobals) = postSolution
		SolutionGuid = {BB254132-321D-4231-AA7D-D739737A2DD1}
	EndGlobalSection
EndGlobal
