
Microsoft Visual Studio Solution File, Format Version 12.00
# Visual Studio 15
VisualStudioVersion = 15.0.27703.1
MinimumVisualStudioVersion = 10.0.40219.1
Project("{FAE04EC0-301F-11D3-BF4B-00C04F79EFBC}") = "template1", "template1\template1.csproj", "{1381F796-A039-4FFA-B5FD-22F508CA273F}"
EndProject
Global
	GlobalSection(SolutionConfigurationPlatforms) = preSolution
		Debug|Any CPU = Debug|Any CPU
		Release|Any CPU = Release|Any CPU
	EndGlobalSection
	GlobalSection(ProjectConfigurationPlatforms) = postSolution
		{1381F796-A039-4FFA-B5FD-22F508CA273F}.Debug|Any CPU.ActiveCfg = Debug|Any CPU
		{1381F796-A039-4FFA-B5FD-22F508CA273F}.Debug|Any CPU.Build.0 = Debug|Any CPU
		{1381F796-A039-4FFA-B5FD-22F508CA273F}.Release|Any CPU.ActiveCfg = Release|Any CPU
		{1381F796-A039-4FFA-B5FD-22F508CA273F}.Release|Any CPU.Build.0 = Release|Any CPU
	EndGlobalSection
	GlobalSection(SolutionProperties) = preSolution
		HideSolutionNode = FALSE
	EndGlobalSection
	GlobalSection(ExtensibilityGlobals) = postSolution
		SolutionGuid = {D5930A30-7E3A-4262-A755-A966DC1D8C52}
	EndGlobalSection
EndGlobal
