
Microsoft Visual Studio Solution File, Format Version 12.00
# Visual Studio 15
VisualStudioVersion = 15.0.27428.2015
MinimumVisualStudioVersion = 10.0.40219.1
Project("{FAE04EC0-301F-11D3-BF4B-00C04F79EFBC}") = "NewComand", "NewComand\NewComand.csproj", "{BCBA2275-3C4A-4D9F-ADA9-468ED05BC9EC}"
EndProject
Global
	GlobalSection(SolutionConfigurationPlatforms) = preSolution
		Debug|Any CPU = Debug|Any CPU
		Release|Any CPU = Release|Any CPU
	EndGlobalSection
	GlobalSection(ProjectConfigurationPlatforms) = postSolution
		{BCBA2275-3C4A-4D9F-ADA9-468ED05BC9EC}.Debug|Any CPU.ActiveCfg = Debug|Any CPU
		{BCBA2275-3C4A-4D9F-ADA9-468ED05BC9EC}.Debug|Any CPU.Build.0 = Debug|Any CPU
		{BCBA2275-3C4A-4D9F-ADA9-468ED05BC9EC}.Release|Any CPU.ActiveCfg = Release|Any CPU
		{BCBA2275-3C4A-4D9F-ADA9-468ED05BC9EC}.Release|Any CPU.Build.0 = Release|Any CPU
	EndGlobalSection
	GlobalSection(SolutionProperties) = preSolution
		HideSolutionNode = FALSE
	EndGlobalSection
	GlobalSection(ExtensibilityGlobals) = postSolution
		SolutionGuid = {D52D0BF0-6FD5-4F1C-A357-4E6B75DF5F06}
	EndGlobalSection
EndGlobal
