
Microsoft Visual Studio Solution File, Format Version 12.00
# Visual Studio 2013
VisualStudioVersion = 12.0.30501.0
MinimumVisualStudioVersion = 10.0.40219.1
Project("{FAE04EC0-301F-11D3-BF4B-00C04F79EFBC}") = "PreviousData", "PreviousData\PreviousData.csproj", "{DD20A08E-7137-4B6D-839B-B30CB8DFC676}"
EndProject
Global
	GlobalSection(SolutionConfigurationPlatforms) = preSolution
		Debug|Any CPU = Debug|Any CPU
		Release|Any CPU = Release|Any CPU
	EndGlobalSection
	GlobalSection(ProjectConfigurationPlatforms) = postSolution
		{DD20A08E-7137-4B6D-839B-B30CB8DFC676}.Debug|Any CPU.ActiveCfg = Debug|Any CPU
		{DD20A08E-7137-4B6D-839B-B30CB8DFC676}.Debug|Any CPU.Build.0 = Debug|Any CPU
		{DD20A08E-7137-4B6D-839B-B30CB8DFC676}.Release|Any CPU.ActiveCfg = Release|Any CPU
		{DD20A08E-7137-4B6D-839B-B30CB8DFC676}.Release|Any CPU.Build.0 = Release|Any CPU
	EndGlobalSection
	GlobalSection(SolutionProperties) = preSolution
		HideSolutionNode = FALSE
	EndGlobalSection
EndGlobal
