
Microsoft Visual Studio Solution File, Format Version 12.00
# Visual Studio 15
VisualStudioVersion = 15.0.27428.2015
MinimumVisualStudioVersion = 10.0.40219.1
Project("{FAE04EC0-301F-11D3-BF4B-00C04F79EFBC}") = "comand1", "comand1\comand1.csproj", "{C1599C0B-09CC-4870-B28A-4EE32962266A}"
EndProject
Global
	GlobalSection(SolutionConfigurationPlatforms) = preSolution
		Debug|Any CPU = Debug|Any CPU
		Release|Any CPU = Release|Any CPU
	EndGlobalSection
	GlobalSection(ProjectConfigurationPlatforms) = postSolution
		{C1599C0B-09CC-4870-B28A-4EE32962266A}.Debug|Any CPU.ActiveCfg = Debug|Any CPU
		{C1599C0B-09CC-4870-B28A-4EE32962266A}.Debug|Any CPU.Build.0 = Debug|Any CPU
		{C1599C0B-09CC-4870-B28A-4EE32962266A}.Release|Any CPU.ActiveCfg = Release|Any CPU
		{C1599C0B-09CC-4870-B28A-4EE32962266A}.Release|Any CPU.Build.0 = Release|Any CPU
	EndGlobalSection
	GlobalSection(SolutionProperties) = preSolution
		HideSolutionNode = FALSE
	EndGlobalSection
	GlobalSection(ExtensibilityGlobals) = postSolution
		SolutionGuid = {9AE62392-DA62-4A19-A1C8-97A6A15B1AC7}
	EndGlobalSection
EndGlobal
